
Microsoft Visual Studio Solution File, Format Version 12.00
# Visual Studio 14
VisualStudioVersion = 14.0.25420.1
MinimumVisualStudioVersion = 10.0.40219.1
Project("{FAE04EC0-301F-11D3-BF4B-00C04F79EFBC}") = "TrakHound-DataServer", "DataServer\TrakHound-DataServer.csproj", "{4B8C5608-2E42-4B9D-B019-D6B50D33093B}"
EndProject
Project("{2150E333-8FDC-42A3-9474-1A3956D46DE8}") = "Modules", "Modules", "{8019A8CB-E642-4569-8DF7-73BE944664BB}"
EndProject
Project("{FAE04EC0-301F-11D3-BF4B-00C04F79EFBC}") = "mod-db-mysql", "Modules\mod-db-mysql\mod-db-mysql.csproj", "{DD4CC1BD-2D40-49DF-8968-A9119B31B8A0}"
EndProject
Project("{FAE04EC0-301F-11D3-BF4B-00C04F79EFBC}") = "mod-db-sql", "Modules\mod-db-sql\mod-db-sql.csproj", "{F93E56E6-A4C1-4185-9639-2775410F861F}"
EndProject
Project("{FAE04EC0-301F-11D3-BF4B-00C04F79EFBC}") = "TrakHound-DataServer-Menu", "DataServer-Menu\TrakHound-DataServer-Menu.csproj", "{A26AE1CA-C45B-4F56-B0E0-A6361F0AE4C7}"
EndProject
Global
	GlobalSection(SolutionConfigurationPlatforms) = preSolution
		Debug|Any CPU = Debug|Any CPU
		Release|Any CPU = Release|Any CPU
	EndGlobalSection
	GlobalSection(ProjectConfigurationPlatforms) = postSolution
		{4B8C5608-2E42-4B9D-B019-D6B50D33093B}.Debug|Any CPU.ActiveCfg = Debug|Any CPU
		{4B8C5608-2E42-4B9D-B019-D6B50D33093B}.Debug|Any CPU.Build.0 = Debug|Any CPU
		{4B8C5608-2E42-4B9D-B019-D6B50D33093B}.Release|Any CPU.ActiveCfg = Release|Any CPU
		{4B8C5608-2E42-4B9D-B019-D6B50D33093B}.Release|Any CPU.Build.0 = Release|Any CPU
		{DD4CC1BD-2D40-49DF-8968-A9119B31B8A0}.Debug|Any CPU.ActiveCfg = Debug|Any CPU
		{DD4CC1BD-2D40-49DF-8968-A9119B31B8A0}.Debug|Any CPU.Build.0 = Debug|Any CPU
		{DD4CC1BD-2D40-49DF-8968-A9119B31B8A0}.Release|Any CPU.ActiveCfg = Release|Any CPU
		{DD4CC1BD-2D40-49DF-8968-A9119B31B8A0}.Release|Any CPU.Build.0 = Release|Any CPU
		{F93E56E6-A4C1-4185-9639-2775410F861F}.Debug|Any CPU.ActiveCfg = Debug|Any CPU
		{F93E56E6-A4C1-4185-9639-2775410F861F}.Debug|Any CPU.Build.0 = Debug|Any CPU
		{F93E56E6-A4C1-4185-9639-2775410F861F}.Release|Any CPU.ActiveCfg = Release|Any CPU
		{F93E56E6-A4C1-4185-9639-2775410F861F}.Release|Any CPU.Build.0 = Release|Any CPU
		{A26AE1CA-C45B-4F56-B0E0-A6361F0AE4C7}.Debug|Any CPU.ActiveCfg = Debug|Any CPU
		{A26AE1CA-C45B-4F56-B0E0-A6361F0AE4C7}.Debug|Any CPU.Build.0 = Debug|Any CPU
		{A26AE1CA-C45B-4F56-B0E0-A6361F0AE4C7}.Release|Any CPU.ActiveCfg = Release|Any CPU
		{A26AE1CA-C45B-4F56-B0E0-A6361F0AE4C7}.Release|Any CPU.Build.0 = Release|Any CPU
	EndGlobalSection
	GlobalSection(SolutionProperties) = preSolution
		HideSolutionNode = FALSE
	EndGlobalSection
	GlobalSection(NestedProjects) = preSolution
		{DD4CC1BD-2D40-49DF-8968-A9119B31B8A0} = {8019A8CB-E642-4569-8DF7-73BE944664BB}
		{F93E56E6-A4C1-4185-9639-2775410F861F} = {8019A8CB-E642-4569-8DF7-73BE944664BB}
	EndGlobalSection
EndGlobal
